
Microsoft Visual Studio Solution File, Format Version 12.00
# Visual Studio Version 16
VisualStudioVersion = 16.0.28803.452
MinimumVisualStudioVersion = 10.0.40219.1
Project("{FAE04EC0-301F-11D3-BF4B-00C04F79EFBC}") = "Director", "Director\Director.csproj", "{CE9955BB-E100-4A11-8C30-D3075089B610}"
EndProject
Project("{FAE04EC0-301F-11D3-BF4B-00C04F79EFBC}") = "DocumentFactory", "DocumentFactory\DocumentFactory.csproj", "{85E9594B-A0FF-475D-993D-AC909B9DA77C}"
EndProject
Global
	GlobalSection(SolutionConfigurationPlatforms) = preSolution
		Debug|Any CPU = Debug|Any CPU
		Release|Any CPU = Release|Any CPU
	EndGlobalSection
	GlobalSection(ProjectConfigurationPlatforms) = postSolution
		{CE9955BB-E100-4A11-8C30-D3075089B610}.Debug|Any CPU.ActiveCfg = Debug|Any CPU
		{CE9955BB-E100-4A11-8C30-D3075089B610}.Debug|Any CPU.Build.0 = Debug|Any CPU
		{CE9955BB-E100-4A11-8C30-D3075089B610}.Release|Any CPU.ActiveCfg = Release|Any CPU
		{CE9955BB-E100-4A11-8C30-D3075089B610}.Release|Any CPU.Build.0 = Release|Any CPU
		{85E9594B-A0FF-475D-993D-AC909B9DA77C}.Debug|Any CPU.ActiveCfg = Debug|Any CPU
		{85E9594B-A0FF-475D-993D-AC909B9DA77C}.Debug|Any CPU.Build.0 = Debug|Any CPU
		{85E9594B-A0FF-475D-993D-AC909B9DA77C}.Release|Any CPU.ActiveCfg = Release|Any CPU
		{85E9594B-A0FF-475D-993D-AC909B9DA77C}.Release|Any CPU.Build.0 = Release|Any CPU
	EndGlobalSection
	GlobalSection(SolutionProperties) = preSolution
		HideSolutionNode = FALSE
	EndGlobalSection
	GlobalSection(ExtensibilityGlobals) = postSolution
		SolutionGuid = {0DFE7D28-B29D-4492-AB8C-8FA7043E93DF}
	EndGlobalSection
EndGlobal
